// !$*UTF8*$!
{
	archiveVersion = 1;
	classes = {
	};
	objectVersion = 56;
	objects = {

/* Begin PBXBuildFile section */
		31A270FC2940B38B002370B2 /* ChumApp.swift in Sources */ = {isa = PBXBuildFile; fileRef = 31A270FB2940B38B002370B2 /* ChumApp.swift */; };
		31A270FE2940B38B002370B2 /* ContentView.swift in Sources */ = {isa = PBXBuildFile; fileRef = 31A270FD2940B38B002370B2 /* ContentView.swift */; };
		31A271002940B38C002370B2 /* Assets.xcassets in Resources */ = {isa = PBXBuildFile; fileRef = 31A270FF2940B38C002370B2 /* Assets.xcassets */; };
		31A271042940B38C002370B2 /* Preview Assets.xcassets in Resources */ = {isa = PBXBuildFile; fileRef = 31A271032940B38C002370B2 /* Preview Assets.xcassets */; };
		31A2710E2940B38C002370B2 /* ChumTests.swift in Sources */ = {isa = PBXBuildFile; fileRef = 31A2710D2940B38C002370B2 /* ChumTests.swift */; };
		31A271182940B38C002370B2 /* ChumUITests.swift in Sources */ = {isa = PBXBuildFile; fileRef = 31A271172940B38C002370B2 /* ChumUITests.swift */; };
		31A2711A2940B38C002370B2 /* ChumUITestsLaunchTests.swift in Sources */ = {isa = PBXBuildFile; fileRef = 31A271192940B38C002370B2 /* ChumUITestsLaunchTests.swift */; };
		31A271272940CC3A002370B2 /* Discover.swift in Sources */ = {isa = PBXBuildFile; fileRef = 31A271262940CC3A002370B2 /* Discover.swift */; };
		31A271292940CC68002370B2 /* CreateEv.swift in Sources */ = {isa = PBXBuildFile; fileRef = 31A271282940CC68002370B2 /* CreateEv.swift */; };
		31A2712B2940D130002370B2 /* Onbording.swift in Sources */ = {isa = PBXBuildFile; fileRef = 31A2712A2940D130002370B2 /* Onbording.swift */; };
		31A2712D2940D152002370B2 /* TabeView.swift in Sources */ = {isa = PBXBuildFile; fileRef = 31A2712C2940D152002370B2 /* TabeView.swift */; };
		31BDE91A2950F6100038DB68 /* friendsList.swift in Sources */ = {isa = PBXBuildFile; fileRef = 31BDE9192950F6100038DB68 /* friendsList.swift */; };
		E9BC4A682942239500CE809E /* Profile.swift in Sources */ = {isa = PBXBuildFile; fileRef = E9BC4A672942239500CE809E /* Profile.swift */; };
/* End PBXBuildFile section */

/* Begin PBXContainerItemProxy section */
		31A2710A2940B38C002370B2 /* PBXContainerItemProxy */ = {
			isa = PBXContainerItemProxy;
			containerPortal = 31A270F02940B38B002370B2 /* Project object */;
			proxyType = 1;
			remoteGlobalIDString = 31A270F72940B38B002370B2;
			remoteInfo = Chum;
		};
		31A271142940B38C002370B2 /* PBXContainerItemProxy */ = {
			isa = PBXContainerItemProxy;
			containerPortal = 31A270F02940B38B002370B2 /* Project object */;
			proxyType = 1;
			remoteGlobalIDString = 31A270F72940B38B002370B2;
			remoteInfo = Chum;
		};
/* End PBXContainerItemProxy section */

/* Begin PBXFileReference section */
		31A270F82940B38B002370B2 /* Chum.app */ = {isa = PBXFileReference; explicitFileType = wrapper.application; includeInIndex = 0; path = Chum.app; sourceTree = BUILT_PRODUCTS_DIR; };
		31A270FB2940B38B002370B2 /* ChumApp.swift */ = {isa = PBXFileReference; lastKnownFileType = sourcecode.swift; path = ChumApp.swift; sourceTree = "<group>"; };
		31A270FD2940B38B002370B2 /* ContentView.swift */ = {isa = PBXFileReference; lastKnownFileType = sourcecode.swift; path = ContentView.swift; sourceTree = "<group>"; };
		31A270FF2940B38C002370B2 /* Assets.xcassets */ = {isa = PBXFileReference; lastKnownFileType = folder.assetcatalog; path = Assets.xcassets; sourceTree = "<group>"; };
		31A271012940B38C002370B2 /* Chum.entitlements */ = {isa = PBXFileReference; lastKnownFileType = text.plist.entitlements; path = Chum.entitlements; sourceTree = "<group>"; };
		31A271032940B38C002370B2 /* Preview Assets.xcassets */ = {isa = PBXFileReference; lastKnownFileType = folder.assetcatalog; path = "Preview Assets.xcassets"; sourceTree = "<group>"; };
		31A271092940B38C002370B2 /* ChumTests.xctest */ = {isa = PBXFileReference; explicitFileType = wrapper.cfbundle; includeInIndex = 0; path = ChumTests.xctest; sourceTree = BUILT_PRODUCTS_DIR; };
		31A2710D2940B38C002370B2 /* ChumTests.swift */ = {isa = PBXFileReference; lastKnownFileType = sourcecode.swift; path = ChumTests.swift; sourceTree = "<group>"; };
		31A271132940B38C002370B2 /* ChumUITests.xctest */ = {isa = PBXFileReference; explicitFileType = wrapper.cfbundle; includeInIndex = 0; path = ChumUITests.xctest; sourceTree = BUILT_PRODUCTS_DIR; };
		31A271172940B38C002370B2 /* ChumUITests.swift */ = {isa = PBXFileReference; lastKnownFileType = sourcecode.swift; path = ChumUITests.swift; sourceTree = "<group>"; };
		31A271192940B38C002370B2 /* ChumUITestsLaunchTests.swift */ = {isa = PBXFileReference; lastKnownFileType = sourcecode.swift; path = ChumUITestsLaunchTests.swift; sourceTree = "<group>"; };
		31A271262940CC3A002370B2 /* Discover.swift */ = {isa = PBXFileReference; lastKnownFileType = sourcecode.swift; path = Discover.swift; sourceTree = "<group>"; };
		31A271282940CC68002370B2 /* CreateEv.swift */ = {isa = PBXFileReference; lastKnownFileType = sourcecode.swift; path = CreateEv.swift; sourceTree = "<group>"; };
		31A2712A2940D130002370B2 /* Onbording.swift */ = {isa = PBXFileReference; lastKnownFileType = sourcecode.swift; path = Onbording.swift; sourceTree = "<group>"; };
		31A2712C2940D152002370B2 /* TabeView.swift */ = {isa = PBXFileReference; lastKnownFileType = sourcecode.swift; path = TabeView.swift; sourceTree = "<group>"; };
		31BDE9192950F6100038DB68 /* friendsList.swift */ = {isa = PBXFileReference; lastKnownFileType = sourcecode.swift; path = friendsList.swift; sourceTree = "<group>"; };
		E9BC4A672942239500CE809E /* Profile.swift */ = {isa = PBXFileReference; lastKnownFileType = sourcecode.swift; path = Profile.swift; sourceTree = "<group>"; };
/* End PBXFileReference section */

/* Begin PBXFrameworksBuildPhase section */
		31A270F52940B38B002370B2 /* Frameworks */ = {
			isa = PBXFrameworksBuildPhase;
			buildActionMask = 2147483647;
			files = (
			);
			runOnlyForDeploymentPostprocessing = 0;
		};
		31A271062940B38C002370B2 /* Frameworks */ = {
			isa = PBXFrameworksBuildPhase;
			buildActionMask = 2147483647;
			files = (
			);
			runOnlyForDeploymentPostprocessing = 0;
		};
		31A271102940B38C002370B2 /* Frameworks */ = {
			isa = PBXFrameworksBuildPhase;
			buildActionMask = 2147483647;
			files = (
			);
			runOnlyForDeploymentPostprocessing = 0;
		};
/* End PBXFrameworksBuildPhase section */

/* Begin PBXGroup section */
		31A270EF2940B38B002370B2 = {
			isa = PBXGroup;
			children = (
				31A270FA2940B38B002370B2 /* Chum */,
				31A2710C2940B38C002370B2 /* ChumTests */,
				31A271162940B38C002370B2 /* ChumUITests */,
				31A270F92940B38B002370B2 /* Products */,
			);
			sourceTree = "<group>";
		};
		31A270F92940B38B002370B2 /* Products */ = {
			isa = PBXGroup;
			children = (
				31A270F82940B38B002370B2 /* Chum.app */,
				31A271092940B38C002370B2 /* ChumTests.xctest */,
				31A271132940B38C002370B2 /* ChumUITests.xctest */,
			);
			name = Products;
			sourceTree = "<group>";
		};
		31A270FA2940B38B002370B2 /* Chum */ = {
			isa = PBXGroup;
			children = (
				31A270FB2940B38B002370B2 /* ChumApp.swift */,
				31A2712A2940D130002370B2 /* Onbording.swift */,
				31A2712C2940D152002370B2 /* TabeView.swift */,
				31A270FD2940B38B002370B2 /* ContentView.swift */,
				E9BC4A672942239500CE809E /* Profile.swift */,
				31A271262940CC3A002370B2 /* Discover.swift */,
				31BDE9192950F6100038DB68 /* friendsList.swift */,
				31A271282940CC68002370B2 /* CreateEv.swift */,
				31A270FF2940B38C002370B2 /* Assets.xcassets */,
				31A271012940B38C002370B2 /* Chum.entitlements */,
				31A271022940B38C002370B2 /* Preview Content */,
			);
			path = Chum;
			sourceTree = "<group>";
		};
		31A271022940B38C002370B2 /* Preview Content */ = {
			isa = PBXGroup;
			children = (
				31A271032940B38C002370B2 /* Preview Assets.xcassets */,
			);
			path = "Preview Content";
			sourceTree = "<group>";
		};
		31A2710C2940B38C002370B2 /* ChumTests */ = {
			isa = PBXGroup;
			children = (
				31A2710D2940B38C002370B2 /* ChumTests.swift */,
			);
			path = ChumTests;
			sourceTree = "<group>";
		};
		31A271162940B38C002370B2 /* ChumUITests */ = {
			isa = PBXGroup;
			children = (
				31A271172940B38C002370B2 /* ChumUITests.swift */,
				31A271192940B38C002370B2 /* ChumUITestsLaunchTests.swift */,
			);
			path = ChumUITests;
			sourceTree = "<group>";
		};
/* End PBXGroup section */

/* Begin PBXNativeTarget section */
		31A270F72940B38B002370B2 /* Chum */ = {
			isa = PBXNativeTarget;
			buildConfigurationList = 31A2711D2940B38C002370B2 /* Build configuration list for PBXNativeTarget "Chum" */;
			buildPhases = (
				31A270F42940B38B002370B2 /* Sources */,
				31A270F52940B38B002370B2 /* Frameworks */,
				31A270F62940B38B002370B2 /* Resources */,
			);
			buildRules = (
			);
			dependencies = (
			);
			name = Chum;
			productName = Chum;
			productReference = 31A270F82940B38B002370B2 /* Chum.app */;
			productType = "com.apple.product-type.application";
		};
		31A271082940B38C002370B2 /* ChumTests */ = {
			isa = PBXNativeTarget;
			buildConfigurationList = 31A271202940B38C002370B2 /* Build configuration list for PBXNativeTarget "ChumTests" */;
			buildPhases = (
				31A271052940B38C002370B2 /* Sources */,
				31A271062940B38C002370B2 /* Frameworks */,
				31A271072940B38C002370B2 /* Resources */,
			);
			buildRules = (
			);
			dependencies = (
				31A2710B2940B38C002370B2 /* PBXTargetDependency */,
			);
			name = ChumTests;
			productName = ChumTests;
			productReference = 31A271092940B38C002370B2 /* ChumTests.xctest */;
			productType = "com.apple.product-type.bundle.unit-test";
		};
		31A271122940B38C002370B2 /* ChumUITests */ = {
			isa = PBXNativeTarget;
			buildConfigurationList = 31A271232940B38C002370B2 /* Build configuration list for PBXNativeTarget "ChumUITests" */;
			buildPhases = (
				31A2710F2940B38C002370B2 /* Sources */,
				31A271102940B38C002370B2 /* Frameworks */,
				31A271112940B38C002370B2 /* Resources */,
			);
			buildRules = (
			);
			dependencies = (
				31A271152940B38C002370B2 /* PBXTargetDependency */,
			);
			name = ChumUITests;
			productName = ChumUITests;
			productReference = 31A271132940B38C002370B2 /* ChumUITests.xctest */;
			productType = "com.apple.product-type.bundle.ui-testing";
		};
/* End PBXNativeTarget section */

/* Begin PBXProject section */
		31A270F02940B38B002370B2 /* Project object */ = {
			isa = PBXProject;
			attributes = {
				BuildIndependentTargetsInParallel = 1;
				LastSwiftUpdateCheck = 1410;
				LastUpgradeCheck = 1410;
				TargetAttributes = {
					31A270F72940B38B002370B2 = {
						CreatedOnToolsVersion = 14.1;
					};
					31A271082940B38C002370B2 = {
						CreatedOnToolsVersion = 14.1;
						TestTargetID = 31A270F72940B38B002370B2;
					};
					31A271122940B38C002370B2 = {
						CreatedOnToolsVersion = 14.1;
						TestTargetID = 31A270F72940B38B002370B2;
					};
				};
			};
			buildConfigurationList = 31A270F32940B38B002370B2 /* Build configuration list for PBXProject "Chum" */;
			compatibilityVersion = "Xcode 14.0";
			developmentRegion = en;
			hasScannedForEncodings = 0;
			knownRegions = (
				en,
				Base,
			);
			mainGroup = 31A270EF2940B38B002370B2;
			productRefGroup = 31A270F92940B38B002370B2 /* Products */;
			projectDirPath = "";
			projectRoot = "";
			targets = (
				31A270F72940B38B002370B2 /* Chum */,
				31A271082940B38C002370B2 /* ChumTests */,
				31A271122940B38C002370B2 /* ChumUITests */,
			);
		};
/* End PBXProject section */

/* Begin PBXResourcesBuildPhase section */
		31A270F62940B38B002370B2 /* Resources */ = {
			isa = PBXResourcesBuildPhase;
			buildActionMask = 2147483647;
			files = (
				31A271042940B38C002370B2 /* Preview Assets.xcassets in Resources */,
				31A271002940B38C002370B2 /* Assets.xcassets in Resources */,
			);
			runOnlyForDeploymentPostprocessing = 0;
		};
		31A271072940B38C002370B2 /* Resources */ = {
			isa = PBXResourcesBuildPhase;
			buildActionMask = 2147483647;
			files = (
			);
			runOnlyForDeploymentPostprocessing = 0;
		};
		31A271112940B38C002370B2 /* Resources */ = {
			isa = PBXResourcesBuildPhase;
			buildActionMask = 2147483647;
			files = (
			);
			runOnlyForDeploymentPostprocessing = 0;
		};
/* End PBXResourcesBuildPhase section */

/* Begin PBXSourcesBuildPhase section */
		31A270F42940B38B002370B2 /* Sources */ = {
			isa = PBXSourcesBuildPhase;
			buildActionMask = 2147483647;
			files = (
				31A2712D2940D152002370B2 /* TabeView.swift in Sources */,
				31A271292940CC68002370B2 /* CreateEv.swift in Sources */,
				31A270FE2940B38B002370B2 /* ContentView.swift in Sources */,
				31BDE91A2950F6100038DB68 /* friendsList.swift in Sources */,
				E9BC4A682942239500CE809E /* Profile.swift in Sources */,
				31A270FC2940B38B002370B2 /* ChumApp.swift in Sources */,
				31A271272940CC3A002370B2 /* Discover.swift in Sources */,
				31A2712B2940D130002370B2 /* Onbording.swift in Sources */,
			);
			runOnlyForDeploymentPostprocessing = 0;
		};
		31A271052940B38C002370B2 /* Sources */ = {
			isa = PBXSourcesBuildPhase;
			buildActionMask = 2147483647;
			files = (
				31A2710E2940B38C002370B2 /* ChumTests.swift in Sources */,
			);
			runOnlyForDeploymentPostprocessing = 0;
		};
		31A2710F2940B38C002370B2 /* Sources */ = {
			isa = PBXSourcesBuildPhase;
			buildActionMask = 2147483647;
			files = (
				31A271182940B38C002370B2 /* ChumUITests.swift in Sources */,
				31A2711A2940B38C002370B2 /* ChumUITestsLaunchTests.swift in Sources */,
			);
			runOnlyForDeploymentPostprocessing = 0;
		};
/* End PBXSourcesBuildPhase section */

/* Begin PBXTargetDependency section */
		31A2710B2940B38C002370B2 /* PBXTargetDependency */ = {
			isa = PBXTargetDependency;
			target = 31A270F72940B38B002370B2 /* Chum */;
			targetProxy = 31A2710A2940B38C002370B2 /* PBXContainerItemProxy */;
		};
		31A271152940B38C002370B2 /* PBXTargetDependency */ = {
			isa = PBXTargetDependency;
			target = 31A270F72940B38B002370B2 /* Chum */;
			targetProxy = 31A271142940B38C002370B2 /* PBXContainerItemProxy */;
		};
/* End PBXTargetDependency section */

/* Begin XCBuildConfiguration section */
		31A2711B2940B38C002370B2 /* Debug */ = {
			isa = XCBuildConfiguration;
			buildSettings = {
				ALWAYS_SEARCH_USER_PATHS = NO;
				CLANG_ANALYZER_NONNULL = YES;
				CLANG_ANALYZER_NUMBER_OBJECT_CONVERSION = YES_AGGRESSIVE;
				CLANG_CXX_LANGUAGE_STANDARD = "gnu++20";
				CLANG_ENABLE_MODULES = YES;
				CLANG_ENABLE_OBJC_ARC = YES;
				CLANG_ENABLE_OBJC_WEAK = YES;
				CLANG_WARN_BLOCK_CAPTURE_AUTORELEASING = YES;
				CLANG_WARN_BOOL_CONVERSION = YES;
				CLANG_WARN_COMMA = YES;
				CLANG_WARN_CONSTANT_CONVERSION = YES;
				CLANG_WARN_DEPRECATED_OBJC_IMPLEMENTATIONS = YES;
				CLANG_WARN_DIRECT_OBJC_ISA_USAGE = YES_ERROR;
				CLANG_WARN_DOCUMENTATION_COMMENTS = YES;
				CLANG_WARN_EMPTY_BODY = YES;
				CLANG_WARN_ENUM_CONVERSION = YES;
				CLANG_WARN_INFINITE_RECURSION = YES;
				CLANG_WARN_INT_CONVERSION = YES;
				CLANG_WARN_NON_LITERAL_NULL_CONVERSION = YES;
				CLANG_WARN_OBJC_IMPLICIT_RETAIN_SELF = YES;
				CLANG_WARN_OBJC_LITERAL_CONVERSION = YES;
				CLANG_WARN_OBJC_ROOT_CLASS = YES_ERROR;
				CLANG_WARN_QUOTED_INCLUDE_IN_FRAMEWORK_HEADER = YES;
				CLANG_WARN_RANGE_LOOP_ANALYSIS = YES;
				CLANG_WARN_STRICT_PROTOTYPES = YES;
				CLANG_WARN_SUSPICIOUS_MOVE = YES;
				CLANG_WARN_UNGUARDED_AVAILABILITY = YES_AGGRESSIVE;
				CLANG_WARN_UNREACHABLE_CODE = YES;
				CLANG_WARN__DUPLICATE_METHOD_MATCH = YES;
				COPY_PHASE_STRIP = NO;
				DEBUG_INFORMATION_FORMAT = dwarf;
				ENABLE_STRICT_OBJC_MSGSEND = YES;
				ENABLE_TESTABILITY = YES;
				GCC_C_LANGUAGE_STANDARD = gnu11;
				GCC_DYNAMIC_NO_PIC = NO;
				GCC_NO_COMMON_BLOCKS = YES;
				GCC_OPTIMIZATION_LEVEL = 0;
				GCC_PREPROCESSOR_DEFINITIONS = (
					"DEBUG=1",
					"$(inherited)",
				);
				GCC_WARN_64_TO_32_BIT_CONVERSION = YES;
				GCC_WARN_ABOUT_RETURN_TYPE = YES_ERROR;
				GCC_WARN_UNDECLARED_SELECTOR = YES;
				GCC_WARN_UNINITIALIZED_AUTOS = YES_AGGRESSIVE;
				GCC_WARN_UNUSED_FUNCTION = YES;
				GCC_WARN_UNUSED_VARIABLE = YES;
				MTL_ENABLE_DEBUG_INFO = INCLUDE_SOURCE;
				MTL_FAST_MATH = YES;
				ONLY_ACTIVE_ARCH = YES;
				SWIFT_ACTIVE_COMPILATION_CONDITIONS = DEBUG;
				SWIFT_OPTIMIZATION_LEVEL = "-Onone";
			};
			name = Debug;
		};
		31A2711C2940B38C002370B2 /* Release */ = {
			isa = XCBuildConfiguration;
			buildSettings = {
				ALWAYS_SEARCH_USER_PATHS = NO;
				CLANG_ANALYZER_NONNULL = YES;
				CLANG_ANALYZER_NUMBER_OBJECT_CONVERSION = YES_AGGRESSIVE;
				CLANG_CXX_LANGUAGE_STANDARD = "gnu++20";
				CLANG_ENABLE_MODULES = YES;
				CLANG_ENABLE_OBJC_ARC = YES;
				CLANG_ENABLE_OBJC_WEAK = YES;
				CLANG_WARN_BLOCK_CAPTURE_AUTORELEASING = YES;
				CLANG_WARN_BOOL_CONVERSION = YES;
				CLANG_WARN_COMMA = YES;
				CLANG_WARN_CONSTANT_CONVERSION = YES;
				CLANG_WARN_DEPRECATED_OBJC_IMPLEMENTATIONS = YES;
				CLANG_WARN_DIRECT_OBJC_ISA_USAGE = YES_ERROR;
				CLANG_WARN_DOCUMENTATION_COMMENTS = YES;
				CLANG_WARN_EMPTY_BODY = YES;
				CLANG_WARN_ENUM_CONVERSION = YES;
				CLANG_WARN_INFINITE_RECURSION = YES;
				CLANG_WARN_INT_CONVERSION = YES;
				CLANG_WARN_NON_LITERAL_NULL_CONVERSION = YES;
				CLANG_WARN_OBJC_IMPLICIT_RETAIN_SELF = YES;
				CLANG_WARN_OBJC_LITERAL_CONVERSION = YES;
				CLANG_WARN_OBJC_ROOT_CLASS = YES_ERROR;
				CLANG_WARN_QUOTED_INCLUDE_IN_FRAMEWORK_HEADER = YES;
				CLANG_WARN_RANGE_LOOP_ANALYSIS = YES;
				CLANG_WARN_STRICT_PROTOTYPES = YES;
				CLANG_WARN_SUSPICIOUS_MOVE = YES;
				CLANG_WARN_UNGUARDED_AVAILABILITY = YES_AGGRESSIVE;
				CLANG_WARN_UNREACHABLE_CODE = YES;
				CLANG_WARN__DUPLICATE_METHOD_MATCH = YES;
				COPY_PHASE_STRIP = NO;
				DEBUG_INFORMATION_FORMAT = "dwarf-with-dsym";
				ENABLE_NS_ASSERTIONS = NO;
				ENABLE_STRICT_OBJC_MSGSEND = YES;
				GCC_C_LANGUAGE_STANDARD = gnu11;
				GCC_NO_COMMON_BLOCKS = YES;
				GCC_WARN_64_TO_32_BIT_CONVERSION = YES;
				GCC_WARN_ABOUT_RETURN_TYPE = YES_ERROR;
				GCC_WARN_UNDECLARED_SELECTOR = YES;
				GCC_WARN_UNINITIALIZED_AUTOS = YES_AGGRESSIVE;
				GCC_WARN_UNUSED_FUNCTION = YES;
				GCC_WARN_UNUSED_VARIABLE = YES;
				MTL_ENABLE_DEBUG_INFO = NO;
				MTL_FAST_MATH = YES;
				SWIFT_COMPILATION_MODE = wholemodule;
				SWIFT_OPTIMIZATION_LEVEL = "-O";
			};
			name = Release;
		};
		31A2711E2940B38C002370B2 /* Debug */ = {
			isa = XCBuildConfiguration;
			buildSettings = {
				ASSETCATALOG_COMPILER_APPICON_NAME = AppIcon;
				ASSETCATALOG_COMPILER_GLOBAL_ACCENT_COLOR_NAME = AccentColor;
				CODE_SIGN_ENTITLEMENTS = Chum/Chum.entitlements;
				CODE_SIGN_STYLE = Automatic;
				CURRENT_PROJECT_VERSION = 1;
				DEVELOPMENT_ASSET_PATHS = "\"Chum/Preview Content\"";
				DEVELOPMENT_TEAM = MB5NQ72WT3;
				ENABLE_PREVIEWS = YES;
				GENERATE_INFOPLIST_FILE = YES;
				"INFOPLIST_KEY_UIApplicationSceneManifest_Generation[sdk=iphoneos*]" = YES;
				"INFOPLIST_KEY_UIApplicationSceneManifest_Generation[sdk=iphonesimulator*]" = YES;
				"INFOPLIST_KEY_UIApplicationSupportsIndirectInputEvents[sdk=iphoneos*]" = YES;
				"INFOPLIST_KEY_UIApplicationSupportsIndirectInputEvents[sdk=iphonesimulator*]" = YES;
				"INFOPLIST_KEY_UILaunchScreen_Generation[sdk=iphoneos*]" = YES;
				"INFOPLIST_KEY_UILaunchScreen_Generation[sdk=iphonesimulator*]" = YES;
				"INFOPLIST_KEY_UIStatusBarStyle[sdk=iphoneos*]" = UIStatusBarStyleDefault;
				"INFOPLIST_KEY_UIStatusBarStyle[sdk=iphonesimulator*]" = UIStatusBarStyleDefault;
				INFOPLIST_KEY_UISupportedInterfaceOrientations_iPad = "UIInterfaceOrientationPortrait UIInterfaceOrientationPortraitUpsideDown UIInterfaceOrientationLandscapeLeft UIInterfaceOrientationLandscapeRight";
				INFOPLIST_KEY_UISupportedInterfaceOrientations_iPhone = "UIInterfaceOrientationPortrait UIInterfaceOrientationLandscapeLeft UIInterfaceOrientationLandscapeRight";
				IPHONEOS_DEPLOYMENT_TARGET = 16.1;
				LD_RUNPATH_SEARCH_PATHS = "@executable_path/Frameworks";
				"LD_RUNPATH_SEARCH_PATHS[sdk=macosx*]" = "@executable_path/../Frameworks";
				MACOSX_DEPLOYMENT_TARGET = 13.0;
				MARKETING_VERSION = 1.0;
				PRODUCT_BUNDLE_IDENTIFIER = twq.AmalAlothman;
				PRODUCT_NAME = "$(TARGET_NAME)";
				SDKROOT = auto;
				SUPPORTED_PLATFORMS = "iphoneos iphonesimulator macosx";
				SWIFT_EMIT_LOC_STRINGS = YES;
				SWIFT_VERSION = 5.0;
				TARGETED_DEVICE_FAMILY = "1,2";
			};
			name = Debug;
		};
		31A2711F2940B38C002370B2 /* Release */ = {
			isa = XCBuildConfiguration;
			buildSettings = {
				ASSETCATALOG_COMPILER_APPICON_NAME = AppIcon;
				ASSETCATALOG_COMPILER_GLOBAL_ACCENT_COLOR_NAME = AccentColor;
				CODE_SIGN_ENTITLEMENTS = Chum/Chum.entitlements;
				CODE_SIGN_STYLE = Automatic;
				CURRENT_PROJECT_VERSION = 1;
				DEVELOPMENT_ASSET_PATHS = "\"Chum/Preview Content\"";
				DEVELOPMENT_TEAM = MB5NQ72WT3;
				ENABLE_PREVIEWS = YES;
				GENERATE_INFOPLIST_FILE = YES;
				"INFOPLIST_KEY_UIApplicationSceneManifest_Generation[sdk=iphoneos*]" = YES;
				"INFOPLIST_KEY_UIApplicationSceneManifest_Generation[sdk=iphonesimulator*]" = YES;
				"INFOPLIST_KEY_UIApplicationSupportsIndirectInputEvents[sdk=iphoneos*]" = YES;
				"INFOPLIST_KEY_UIApplicationSupportsIndirectInputEvents[sdk=iphonesimulator*]" = YES;
				"INFOPLIST_KEY_UILaunchScreen_Generation[sdk=iphoneos*]" = YES;
				"INFOPLIST_KEY_UILaunchScreen_Generation[sdk=iphonesimulator*]" = YES;
				"INFOPLIST_KEY_UIStatusBarStyle[sdk=iphoneos*]" = UIStatusBarStyleDefault;
				"INFOPLIST_KEY_UIStatusBarStyle[sdk=iphonesimulator*]" = UIStatusBarStyleDefault;
				INFOPLIST_KEY_UISupportedInterfaceOrientations_iPad = "UIInterfaceOrientationPortrait UIInterfaceOrientationPortraitUpsideDown UIInterfaceOrientationLandscapeLeft UIInterfaceOrientationLandscapeRight";
				INFOPLIST_KEY_UISupportedInterfaceOrientations_iPhone = "UIInterfaceOrientationPortrait UIInterfaceOrientationLandscapeLeft UIInterfaceOrientationLandscapeRight";
				IPHONEOS_DEPLOYMENT_TARGET = 16.1;
				LD_RUNPATH_SEARCH_PATHS = "@executable_path/Frameworks";
				"LD_RUNPATH_SEARCH_PATHS[sdk=macosx*]" = "@executable_path/../Frameworks";
				MACOSX_DEPLOYMENT_TARGET = 13.0;
				MARKETING_VERSION = 1.0;
				PRODUCT_BUNDLE_IDENTIFIER = twq.Chum;
				PRODUCT_NAME = "$(TARGET_NAME)";
				SDKROOT = auto;
				SUPPORTED_PLATFORMS = "iphoneos iphonesimulator macosx";
				SWIFT_EMIT_LOC_STRINGS = YES;
				SWIFT_VERSION = 5.0;
				TARGETED_DEVICE_FAMILY = "1,2";
			};
			name = Release;
		};
		31A271212940B38C002370B2 /* Debug */ = {
			isa = XCBuildConfiguration;
			buildSettings = {
				ALWAYS_EMBED_SWIFT_STANDARD_LIBRARIES = YES;
				BUNDLE_LOADER = "$(TEST_HOST)";
				CODE_SIGN_STYLE = Automatic;
				CURRENT_PROJECT_VERSION = 1;
				GENERATE_INFOPLIST_FILE = YES;
				IPHONEOS_DEPLOYMENT_TARGET = 16.1;
				MACOSX_DEPLOYMENT_TARGET = 13.0;
				MARKETING_VERSION = 1.0;
				PRODUCT_BUNDLE_IDENTIFIER = Hopes.ChumTests;
				PRODUCT_NAME = "$(TARGET_NAME)";
				SDKROOT = auto;
				SUPPORTED_PLATFORMS = "iphoneos iphonesimulator macosx";
				SWIFT_EMIT_LOC_STRINGS = NO;
				SWIFT_VERSION = 5.0;
				TARGETED_DEVICE_FAMILY = "1,2";
				TEST_HOST = "$(BUILT_PRODUCTS_DIR)/Chum.app/$(BUNDLE_EXECUTABLE_FOLDER_PATH)/Chum";
			};
			name = Debug;
		};
		31A271222940B38C002370B2 /* Release */ = {
			isa = XCBuildConfiguration;
			buildSettings = {
				ALWAYS_EMBED_SWIFT_STANDARD_LIBRARIES = YES;
				BUNDLE_LOADER = "$(TEST_HOST)";
				CODE_SIGN_STYLE = Automatic;
				CURRENT_PROJECT_VERSION = 1;
				GENERATE_INFOPLIST_FILE = YES;
				IPHONEOS_DEPLOYMENT_TARGET = 16.1;
				MACOSX_DEPLOYMENT_TARGET = 13.0;
				MARKETING_VERSION = 1.0;
				PRODUCT_BUNDLE_IDENTIFIER = Hopes.ChumTests;
				PRODUCT_NAME = "$(TARGET_NAME)";
				SDKROOT = auto;
				SUPPORTED_PLATFORMS = "iphoneos iphonesimulator macosx";
				SWIFT_EMIT_LOC_STRINGS = NO;
				SWIFT_VERSION = 5.0;
				TARGETED_DEVICE_FAMILY = "1,2";
				TEST_HOST = "$(BUILT_PRODUCTS_DIR)/Chum.app/$(BUNDLE_EXECUTABLE_FOLDER_PATH)/Chum";
			};
			name = Release;
		};
		31A271242940B38C002370B2 /* Debug */ = {
			isa = XCBuildConfiguration;
			buildSettings = {
				ALWAYS_EMBED_SWIFT_STANDARD_LIBRARIES = YES;
				CODE_SIGN_STYLE = Automatic;
				CURRENT_PROJECT_VERSION = 1;
				GENERATE_INFOPLIST_FILE = YES;
				IPHONEOS_DEPLOYMENT_TARGET = 16.1;
				MACOSX_DEPLOYMENT_TARGET = 13.0;
				MARKETING_VERSION = 1.0;
				PRODUCT_BUNDLE_IDENTIFIER = Hopes.ChumUITests;
				PRODUCT_NAME = "$(TARGET_NAME)";
				SDKROOT = auto;
				SUPPORTED_PLATFORMS = "iphoneos iphonesimulator macosx";
				SWIFT_EMIT_LOC_STRINGS = NO;
				SWIFT_VERSION = 5.0;
				TARGETED_DEVICE_FAMILY = "1,2";
				TEST_TARGET_NAME = Chum;
			};
			name = Debug;
		};
		31A271252940B38C002370B2 /* Release */ = {
			isa = XCBuildConfiguration;
			buildSettings = {
				ALWAYS_EMBED_SWIFT_STANDARD_LIBRARIES = YES;
				CODE_SIGN_STYLE = Automatic;
				CURRENT_PROJECT_VERSION = 1;
				GENERATE_INFOPLIST_FILE = YES;
				IPHONEOS_DEPLOYMENT_TARGET = 16.1;
				MACOSX_DEPLOYMENT_TARGET = 13.0;
				MARKETING_VERSION = 1.0;
				PRODUCT_BUNDLE_IDENTIFIER = Hopes.ChumUITests;
				PRODUCT_NAME = "$(TARGET_NAME)";
				SDKROOT = auto;
				SUPPORTED_PLATFORMS = "iphoneos iphonesimulator macosx";
				SWIFT_EMIT_LOC_STRINGS = NO;
				SWIFT_VERSION = 5.0;
				TARGETED_DEVICE_FAMILY = "1,2";
				TEST_TARGET_NAME = Chum;
			};
			name = Release;
		};
/* End XCBuildConfiguration section */

/* Begin XCConfigurationList section */
		31A270F32940B38B002370B2 /* Build configuration list for PBXProject "Chum" */ = {
			isa = XCConfigurationList;
			buildConfigurations = (
				31A2711B2940B38C002370B2 /* Debug */,
				31A2711C2940B38C002370B2 /* Release */,
			);
			defaultConfigurationIsVisible = 0;
			defaultConfigurationName = Release;
		};
		31A2711D2940B38C002370B2 /* Build configuration list for PBXNativeTarget "Chum" */ = {
			isa = XCConfigurationList;
			buildConfigurations = (
				31A2711E2940B38C002370B2 /* Debug */,
				31A2711F2940B38C002370B2 /* Release */,
			);
			defaultConfigurationIsVisible = 0;
			defaultConfigurationName = Release;
		};
		31A271202940B38C002370B2 /* Build configuration list for PBXNativeTarget "ChumTests" */ = {
			isa = XCConfigurationList;
			buildConfigurations = (
				31A271212940B38C002370B2 /* Debug */,
				31A271222940B38C002370B2 /* Release */,
			);
			defaultConfigurationIsVisible = 0;
			defaultConfigurationName = Release;
		};
		31A271232940B38C002370B2 /* Build configuration list for PBXNativeTarget "ChumUITests" */ = {
			isa = XCConfigurationList;
			buildConfigurations = (
				31A271242940B38C002370B2 /* Debug */,
				31A271252940B38C002370B2 /* Release */,
			);
			defaultConfigurationIsVisible = 0;
			defaultConfigurationName = Release;
		};
/* End XCConfigurationList section */
	};
	rootObject = 31A270F02940B38B002370B2 /* Project object */;
}
